
Microsoft Visual Studio Solution File, Format Version 12.00
# Visual Studio Version 16
VisualStudioVersion = 16.0.30611.23
MinimumVisualStudioVersion = 10.0.40219.1
Project("{9A19103F-16F7-4668-BE54-9A1E7A4F7556}") = "PointOfSale.Domain.Core", "PointOfSale.Domain.Core\PointOfSale.Domain.Core.csproj", "{A34CE400-45DC-42EA-ABA5-346012A5CAC0}"
EndProject
Project("{9A19103F-16F7-4668-BE54-9A1E7A4F7556}") = "PointOfSale.Domain.Interfaces", "PointOfSale.Domain.Interfaces\PointOfSale.Domain.Interfaces.csproj", "{77C60371-A61E-4A9C-9A79-40DCB038ECD0}"
EndProject
Project("{9A19103F-16F7-4668-BE54-9A1E7A4F7556}") = "PointOfSale.Infrastructure", "PointOfSale.Infrastructure\PointOfSale.Infrastructure.csproj", "{7A7B3479-77F5-42D9-BF70-099288F29E9D}"
EndProject
Project("{9A19103F-16F7-4668-BE54-9A1E7A4F7556}") = "PointOfSale.Presentation", "PointOfSale.Presentation\PointOfSale.Presentation.csproj", "{24C85D83-4CD3-4D10-A52A-BEDC989B19FA}"
EndProject
Project("{9A19103F-16F7-4668-BE54-9A1E7A4F7556}") = "PointOfSale.Configuration", "PointOfSale.Configuration\PointOfSale.Configuration.csproj", "{2A861987-1643-41C5-B2A2-FA5E030AC0C9}"
	ProjectSection(ProjectDependencies) = postProject
		{7A7B3479-77F5-42D9-BF70-099288F29E9D} = {7A7B3479-77F5-42D9-BF70-099288F29E9D}
	EndProjectSection
EndProject
Project("{9A19103F-16F7-4668-BE54-9A1E7A4F7556}") = "PointOfSale.ConsoleApp", "PointOfSale.ConsoleApp\PointOfSale.ConsoleApp.csproj", "{96869659-6DF5-4D75-AD74-81DF8603EF8D}"
	ProjectSection(ProjectDependencies) = postProject
		{2A861987-1643-41C5-B2A2-FA5E030AC0C9} = {2A861987-1643-41C5-B2A2-FA5E030AC0C9}
	EndProjectSection
EndProject
Project("{9A19103F-16F7-4668-BE54-9A1E7A4F7556}") = "PointOfSale.Tests", "PointOfSale.Tests\PointOfSale.Tests.csproj", "{63213640-9D6C-45D3-91CF-FA9AF62804E7}"
EndProject
Project("{FAE04EC0-301F-11D3-BF4B-00C04F79EFBC}") = "PointOfSale.Models", "PointOfSale.Models\PointOfSale.Models.csproj", "{E33CAEE6-4AEE-46E8-BA45-9DF694B13E71}"
EndProject
Project("{FAE04EC0-301F-11D3-BF4B-00C04F79EFBC}") = "PointOfSale.Domain.Services", "PointOfSale.Domain.Services\PointOfSale.Domain.Services.csproj", "{42EC378D-A403-4E41-9118-83FC0AA11BAC}"
EndProject
Global
	GlobalSection(SolutionConfigurationPlatforms) = preSolution
		Debug|Any CPU = Debug|Any CPU
		Release|Any CPU = Release|Any CPU
	EndGlobalSection
	GlobalSection(ProjectConfigurationPlatforms) = postSolution
		{A34CE400-45DC-42EA-ABA5-346012A5CAC0}.Debug|Any CPU.ActiveCfg = Debug|Any CPU
		{A34CE400-45DC-42EA-ABA5-346012A5CAC0}.Debug|Any CPU.Build.0 = Debug|Any CPU
		{A34CE400-45DC-42EA-ABA5-346012A5CAC0}.Release|Any CPU.ActiveCfg = Release|Any CPU
		{A34CE400-45DC-42EA-ABA5-346012A5CAC0}.Release|Any CPU.Build.0 = Release|Any CPU
		{77C60371-A61E-4A9C-9A79-40DCB038ECD0}.Debug|Any CPU.ActiveCfg = Debug|Any CPU
		{77C60371-A61E-4A9C-9A79-40DCB038ECD0}.Debug|Any CPU.Build.0 = Debug|Any CPU
		{77C60371-A61E-4A9C-9A79-40DCB038ECD0}.Release|Any CPU.ActiveCfg = Release|Any CPU
		{77C60371-A61E-4A9C-9A79-40DCB038ECD0}.Release|Any CPU.Build.0 = Release|Any CPU
		{7A7B3479-77F5-42D9-BF70-099288F29E9D}.Debug|Any CPU.ActiveCfg = Debug|Any CPU
		{7A7B3479-77F5-42D9-BF70-099288F29E9D}.Debug|Any CPU.Build.0 = Debug|Any CPU
		{7A7B3479-77F5-42D9-BF70-099288F29E9D}.Release|Any CPU.ActiveCfg = Release|Any CPU
		{7A7B3479-77F5-42D9-BF70-099288F29E9D}.Release|Any CPU.Build.0 = Release|Any CPU
		{24C85D83-4CD3-4D10-A52A-BEDC989B19FA}.Debug|Any CPU.ActiveCfg = Debug|Any CPU
		{24C85D83-4CD3-4D10-A52A-BEDC989B19FA}.Debug|Any CPU.Build.0 = Debug|Any CPU
		{24C85D83-4CD3-4D10-A52A-BEDC989B19FA}.Release|Any CPU.ActiveCfg = Release|Any CPU
		{24C85D83-4CD3-4D10-A52A-BEDC989B19FA}.Release|Any CPU.Build.0 = Release|Any CPU
		{2A861987-1643-41C5-B2A2-FA5E030AC0C9}.Debug|Any CPU.ActiveCfg = Debug|Any CPU
		{2A861987-1643-41C5-B2A2-FA5E030AC0C9}.Debug|Any CPU.Build.0 = Debug|Any CPU
		{2A861987-1643-41C5-B2A2-FA5E030AC0C9}.Release|Any CPU.ActiveCfg = Release|Any CPU
		{2A861987-1643-41C5-B2A2-FA5E030AC0C9}.Release|Any CPU.Build.0 = Release|Any CPU
		{96869659-6DF5-4D75-AD74-81DF8603EF8D}.Debug|Any CPU.ActiveCfg = Debug|Any CPU
		{96869659-6DF5-4D75-AD74-81DF8603EF8D}.Debug|Any CPU.Build.0 = Debug|Any CPU
		{96869659-6DF5-4D75-AD74-81DF8603EF8D}.Release|Any CPU.ActiveCfg = Release|Any CPU
		{96869659-6DF5-4D75-AD74-81DF8603EF8D}.Release|Any CPU.Build.0 = Release|Any CPU
		{63213640-9D6C-45D3-91CF-FA9AF62804E7}.Debug|Any CPU.ActiveCfg = Debug|Any CPU
		{63213640-9D6C-45D3-91CF-FA9AF62804E7}.Debug|Any CPU.Build.0 = Debug|Any CPU
		{63213640-9D6C-45D3-91CF-FA9AF62804E7}.Release|Any CPU.ActiveCfg = Release|Any CPU
		{63213640-9D6C-45D3-91CF-FA9AF62804E7}.Release|Any CPU.Build.0 = Release|Any CPU
		{E33CAEE6-4AEE-46E8-BA45-9DF694B13E71}.Debug|Any CPU.ActiveCfg = Debug|Any CPU
		{E33CAEE6-4AEE-46E8-BA45-9DF694B13E71}.Debug|Any CPU.Build.0 = Debug|Any CPU
		{E33CAEE6-4AEE-46E8-BA45-9DF694B13E71}.Release|Any CPU.ActiveCfg = Release|Any CPU
		{E33CAEE6-4AEE-46E8-BA45-9DF694B13E71}.Release|Any CPU.Build.0 = Release|Any CPU
		{42EC378D-A403-4E41-9118-83FC0AA11BAC}.Debug|Any CPU.ActiveCfg = Debug|Any CPU
		{42EC378D-A403-4E41-9118-83FC0AA11BAC}.Debug|Any CPU.Build.0 = Debug|Any CPU
		{42EC378D-A403-4E41-9118-83FC0AA11BAC}.Release|Any CPU.ActiveCfg = Release|Any CPU
		{42EC378D-A403-4E41-9118-83FC0AA11BAC}.Release|Any CPU.Build.0 = Release|Any CPU
	EndGlobalSection
	GlobalSection(SolutionProperties) = preSolution
		HideSolutionNode = FALSE
	EndGlobalSection
	GlobalSection(ExtensibilityGlobals) = postSolution
		SolutionGuid = {0FF85DD2-E087-4FA4-A99E-9C295A83D698}
	EndGlobalSection
EndGlobal
